// !$*UTF8*$!
{
	archiveVersion = 1;
	classes = {
	};
	objectVersion = 56;
	objects = {

/* Begin PBXBuildFile section */
		8B0753B72D06418A002555A5 /* Podcast.swift in Sources */ = {isa = PBXBuildFile; fileRef = 8B0753B52D06418A002555A5 /* Podcast.swift */; };
		8B0753BA2D064191002555A5 /* PodcastService.swift in Sources */ = {isa = PBXBuildFile; fileRef = 8B0753B82D064191002555A5 /* PodcastService.swift */; };
		8B0753BC2D068065002555A5 /* PodcastDetailViewModel.swift in Sources */ = {isa = PBXBuildFile; fileRef = 8B0753BB2D068065002555A5 /* PodcastDetailViewModel.swift */; };
		8B0753BE2D0693B4002555A5 /* PodcastDetailResponse.swift in Sources */ = {isa = PBXBuildFile; fileRef = 8B0753BD2D0693B4002555A5 /* PodcastDetailResponse.swift */; };
		8B0753C02D0693F2002555A5 /* PodcastEpisode.swift in Sources */ = {isa = PBXBuildFile; fileRef = 8B0753BF2D0693F2002555A5 /* PodcastEpisode.swift */; };
		8B0753C42D06943D002555A5 /* PodcastDetailView.swift in Sources */ = {isa = PBXBuildFile; fileRef = 8B0753C32D06943D002555A5 /* PodcastDetailView.swift */; };
		8B0753C62D06983F002555A5 /* EpisodeDetailCard.swift in Sources */ = {isa = PBXBuildFile; fileRef = 8B0753C52D06983F002555A5 /* EpisodeDetailCard.swift */; };
		8B0753C82D06987C002555A5 /* PodcastCardView.swift in Sources */ = {isa = PBXBuildFile; fileRef = 8B0753C72D06987C002555A5 /* PodcastCardView.swift */; };
		8B0753CA2D0698A3002555A5 /* EpisodeCardView.swift in Sources */ = {isa = PBXBuildFile; fileRef = 8B0753C92D0698A3002555A5 /* EpisodeCardView.swift */; };
		8B0753CD2D069CC8002555A5 /* APIConfig.swift in Sources */ = {isa = PBXBuildFile; fileRef = 8B0753CB2D069CC8002555A5 /* APIConfig.swift */; };
		8BC0DEBE2D061CA200CE56C1 /* PodcastApp_Combine_SwiftUIApp.swift in Sources */ = {isa = PBXBuildFile; fileRef = 8BC0DEBD2D061CA200CE56C1 /* PodcastApp_Combine_SwiftUIApp.swift */; };
		8BC0DEC02D061CA200CE56C1 /* ContentView.swift in Sources */ = {isa = PBXBuildFile; fileRef = 8BC0DEBF2D061CA200CE56C1 /* ContentView.swift */; };
		8BC0DEC22D061CA400CE56C1 /* Assets.xcassets in Resources */ = {isa = PBXBuildFile; fileRef = 8BC0DEC12D061CA400CE56C1 /* Assets.xcassets */; };
		8BC0DEC52D061CA400CE56C1 /* Preview Assets.xcassets in Resources */ = {isa = PBXBuildFile; fileRef = 8BC0DEC42D061CA400CE56C1 /* Preview Assets.xcassets */; };
/* End PBXBuildFile section */

/* Begin PBXFileReference section */
		8B0753B52D06418A002555A5 /* Podcast.swift */ = {isa = PBXFileReference; lastKnownFileType = sourcecode.swift; path = Podcast.swift; sourceTree = "<group>"; };
		8B0753B82D064191002555A5 /* PodcastService.swift */ = {isa = PBXFileReference; lastKnownFileType = sourcecode.swift; path = PodcastService.swift; sourceTree = "<group>"; };
		8B0753BB2D068065002555A5 /* PodcastDetailViewModel.swift */ = {isa = PBXFileReference; lastKnownFileType = sourcecode.swift; path = PodcastDetailViewModel.swift; sourceTree = "<group>"; };
		8B0753BD2D0693B4002555A5 /* PodcastDetailResponse.swift */ = {isa = PBXFileReference; lastKnownFileType = sourcecode.swift; path = PodcastDetailResponse.swift; sourceTree = "<group>"; };
		8B0753BF2D0693F2002555A5 /* PodcastEpisode.swift */ = {isa = PBXFileReference; lastKnownFileType = sourcecode.swift; path = PodcastEpisode.swift; sourceTree = "<group>"; };
		8B0753C32D06943D002555A5 /* PodcastDetailView.swift */ = {isa = PBXFileReference; lastKnownFileType = sourcecode.swift; path = PodcastDetailView.swift; sourceTree = "<group>"; };
		8B0753C52D06983F002555A5 /* EpisodeDetailCard.swift */ = {isa = PBXFileReference; lastKnownFileType = sourcecode.swift; path = EpisodeDetailCard.swift; sourceTree = "<group>"; };
		8B0753C72D06987C002555A5 /* PodcastCardView.swift */ = {isa = PBXFileReference; lastKnownFileType = sourcecode.swift; path = PodcastCardView.swift; sourceTree = "<group>"; };
		8B0753C92D0698A3002555A5 /* EpisodeCardView.swift */ = {isa = PBXFileReference; lastKnownFileType = sourcecode.swift; path = EpisodeCardView.swift; sourceTree = "<group>"; };
		8B0753CB2D069CC8002555A5 /* APIConfig.swift */ = {isa = PBXFileReference; lastKnownFileType = sourcecode.swift; path = APIConfig.swift; sourceTree = "<group>"; };
		8BC0DEBA2D061CA200CE56C1 /* PodcastApp_Combine_SwiftUI.app */ = {isa = PBXFileReference; explicitFileType = wrapper.application; includeInIndex = 0; path = PodcastApp_Combine_SwiftUI.app; sourceTree = BUILT_PRODUCTS_DIR; };
		8BC0DEBD2D061CA200CE56C1 /* PodcastApp_Combine_SwiftUIApp.swift */ = {isa = PBXFileReference; lastKnownFileType = sourcecode.swift; path = PodcastApp_Combine_SwiftUIApp.swift; sourceTree = "<group>"; };
		8BC0DEBF2D061CA200CE56C1 /* ContentView.swift */ = {isa = PBXFileReference; lastKnownFileType = sourcecode.swift; path = ContentView.swift; sourceTree = "<group>"; };
		8BC0DEC12D061CA400CE56C1 /* Assets.xcassets */ = {isa = PBXFileReference; lastKnownFileType = folder.assetcatalog; path = Assets.xcassets; sourceTree = "<group>"; };
		8BC0DEC42D061CA400CE56C1 /* Preview Assets.xcassets */ = {isa = PBXFileReference; lastKnownFileType = folder.assetcatalog; path = "Preview Assets.xcassets"; sourceTree = "<group>"; };
/* End PBXFileReference section */

/* Begin PBXFrameworksBuildPhase section */
		8BC0DEB72D061CA200CE56C1 /* Frameworks */ = {
			isa = PBXFrameworksBuildPhase;
			buildActionMask = 2147483647;
			files = (
			);
			runOnlyForDeploymentPostprocessing = 0;
		};
/* End PBXFrameworksBuildPhase section */

/* Begin PBXGroup section */
		8B0753B62D06418A002555A5 /* Models */ = {
			isa = PBXGroup;
			children = (
				8B0753BF2D0693F2002555A5 /* PodcastEpisode.swift */,
				8B0753BD2D0693B4002555A5 /* PodcastDetailResponse.swift */,
				8B0753B52D06418A002555A5 /* Podcast.swift */,
			);
			path = Models;
			sourceTree = "<group>";
		};
		8B0753B92D064191002555A5 /* Services */ = {
			isa = PBXGroup;
			children = (
				8B0753B82D064191002555A5 /* PodcastService.swift */,
			);
			path = Services;
			sourceTree = "<group>";
		};
		8B0753C12D06940C002555A5 /* ViewModel */ = {
			isa = PBXGroup;
			children = (
				8B0753BB2D068065002555A5 /* PodcastDetailViewModel.swift */,
			);
			path = ViewModel;
			sourceTree = "<group>";
		};
		8B0753C22D06942E002555A5 /* View */ = {
			isa = PBXGroup;
			children = (
				8B0753C92D0698A3002555A5 /* EpisodeCardView.swift */,
				8B0753C72D06987C002555A5 /* PodcastCardView.swift */,
				8B0753C32D06943D002555A5 /* PodcastDetailView.swift */,
				8B0753C52D06983F002555A5 /* EpisodeDetailCard.swift */,
			);
			path = View;
			sourceTree = "<group>";
		};
		8B0753CC2D069CC8002555A5 /* Config */ = {
			isa = PBXGroup;
			children = (
				8B0753CB2D069CC8002555A5 /* APIConfig.swift */,
			);
			path = Config;
			sourceTree = "<group>";
		};
		8BC0DEB12D061CA200CE56C1 = {
			isa = PBXGroup;
			children = (
				8BC0DEBC2D061CA200CE56C1 /* PodcastApp_Combine_SwiftUI */,
				8BC0DEBB2D061CA200CE56C1 /* Products */,
			);
			sourceTree = "<group>";
		};
		8BC0DEBB2D061CA200CE56C1 /* Products */ = {
			isa = PBXGroup;
			children = (
				8BC0DEBA2D061CA200CE56C1 /* PodcastApp_Combine_SwiftUI.app */,
			);
			name = Products;
			sourceTree = "<group>";
		};
		8BC0DEBC2D061CA200CE56C1 /* PodcastApp_Combine_SwiftUI */ = {
			isa = PBXGroup;
			children = (
				8B0753CC2D069CC8002555A5 /* Config */,
				8B0753C22D06942E002555A5 /* View */,
				8B0753C12D06940C002555A5 /* ViewModel */,
				8B0753B92D064191002555A5 /* Services */,
				8B0753B62D06418A002555A5 /* Models */,
				8BC0DEBD2D061CA200CE56C1 /* PodcastApp_Combine_SwiftUIApp.swift */,
				8BC0DEBF2D061CA200CE56C1 /* ContentView.swift */,
				8BC0DEC12D061CA400CE56C1 /* Assets.xcassets */,
				8BC0DEC32D061CA400CE56C1 /* Preview Content */,
			);
			path = PodcastApp_Combine_SwiftUI;
			sourceTree = "<group>";
		};
		8BC0DEC32D061CA400CE56C1 /* Preview Content */ = {
			isa = PBXGroup;
			children = (
				8BC0DEC42D061CA400CE56C1 /* Preview Assets.xcassets */,
			);
			path = "Preview Content";
			sourceTree = "<group>";
		};
/* End PBXGroup section */

/* Begin PBXNativeTarget section */
		8BC0DEB92D061CA200CE56C1 /* PodcastApp_Combine_SwiftUI */ = {
			isa = PBXNativeTarget;
			buildConfigurationList = 8BC0DEC82D061CA400CE56C1 /* Build configuration list for PBXNativeTarget "PodcastApp_Combine_SwiftUI" */;
			buildPhases = (
				8BC0DEB62D061CA200CE56C1 /* Sources */,
				8BC0DEB72D061CA200CE56C1 /* Frameworks */,
				8BC0DEB82D061CA200CE56C1 /* Resources */,
			);
			buildRules = (
			);
			dependencies = (
			);
			name = PodcastApp_Combine_SwiftUI;
			productName = PodcastApp_Combine_SwiftUI;
			productReference = 8BC0DEBA2D061CA200CE56C1 /* PodcastApp_Combine_SwiftUI.app */;
			productType = "com.apple.product-type.application";
		};
/* End PBXNativeTarget section */

/* Begin PBXProject section */
		8BC0DEB22D061CA200CE56C1 /* Project object */ = {
			isa = PBXProject;
			attributes = {
				BuildIndependentTargetsInParallel = 1;
				LastSwiftUpdateCheck = 1520;
				LastUpgradeCheck = 1520;
				TargetAttributes = {
					8BC0DEB92D061CA200CE56C1 = {
						CreatedOnToolsVersion = 15.2;
					};
				};
			};
			buildConfigurationList = 8BC0DEB52D061CA200CE56C1 /* Build configuration list for PBXProject "PodcastApp_Combine_SwiftUI" */;
			compatibilityVersion = "Xcode 14.0";
			developmentRegion = en;
			hasScannedForEncodings = 0;
			knownRegions = (
				en,
				Base,
			);
			mainGroup = 8BC0DEB12D061CA200CE56C1;
			productRefGroup = 8BC0DEBB2D061CA200CE56C1 /* Products */;
			projectDirPath = "";
			projectRoot = "";
			targets = (
				8BC0DEB92D061CA200CE56C1 /* PodcastApp_Combine_SwiftUI */,
			);
		};
/* End PBXProject section */

/* Begin PBXResourcesBuildPhase section */
		8BC0DEB82D061CA200CE56C1 /* Resources */ = {
			isa = PBXResourcesBuildPhase;
			buildActionMask = 2147483647;
			files = (
				8BC0DEC52D061CA400CE56C1 /* Preview Assets.xcassets in Resources */,
				8BC0DEC22D061CA400CE56C1 /* Assets.xcassets in Resources */,
			);
			runOnlyForDeploymentPostprocessing = 0;
		};
/* End PBXResourcesBuildPhase section */

/* Begin PBXSourcesBuildPhase section */
		8BC0DEB62D061CA200CE56C1 /* Sources */ = {
			isa = PBXSourcesBuildPhase;
			buildActionMask = 2147483647;
			files = (
				8B0753BE2D0693B4002555A5 /* PodcastDetailResponse.swift in Sources */,
				8B0753C02D0693F2002555A5 /* PodcastEpisode.swift in Sources */,
				8B0753CD2D069CC8002555A5 /* APIConfig.swift in Sources */,
				8BC0DEC02D061CA200CE56C1 /* ContentView.swift in Sources */,
				8B0753C82D06987C002555A5 /* PodcastCardView.swift in Sources */,
				8B0753CA2D0698A3002555A5 /* EpisodeCardView.swift in Sources */,
				8BC0DEBE2D061CA200CE56C1 /* PodcastApp_Combine_SwiftUIApp.swift in Sources */,
				8B0753BA2D064191002555A5 /* PodcastService.swift in Sources */,
				8B0753BC2D068065002555A5 /* PodcastDetailViewModel.swift in Sources */,
				8B0753C42D06943D002555A5 /* PodcastDetailView.swift in Sources */,
				8B0753C62D06983F002555A5 /* EpisodeDetailCard.swift in Sources */,
				8B0753B72D06418A002555A5 /* Podcast.swift in Sources */,
			);
			runOnlyForDeploymentPostprocessing = 0;
		};
/* End PBXSourcesBuildPhase section */

/* Begin XCBuildConfiguration section */
		8BC0DEC62D061CA400CE56C1 /* Debug */ = {
			isa = XCBuildConfiguration;
			buildSettings = {
				ALWAYS_SEARCH_USER_PATHS = NO;
				ASSETCATALOG_COMPILER_GENERATE_SWIFT_ASSET_SYMBOL_EXTENSIONS = YES;
				CLANG_ANALYZER_NONNULL = YES;
				CLANG_ANALYZER_NUMBER_OBJECT_CONVERSION = YES_AGGRESSIVE;
				CLANG_CXX_LANGUAGE_STANDARD = "gnu++20";
				CLANG_ENABLE_MODULES = YES;
				CLANG_ENABLE_OBJC_ARC = YES;
				CLANG_ENABLE_OBJC_WEAK = YES;
				CLANG_WARN_BLOCK_CAPTURE_AUTORELEASING = YES;
				CLANG_WARN_BOOL_CONVERSION = YES;
				CLANG_WARN_COMMA = YES;
				CLANG_WARN_CONSTANT_CONVERSION = YES;
				CLANG_WARN_DEPRECATED_OBJC_IMPLEMENTATIONS = YES;
				CLANG_WARN_DIRECT_OBJC_ISA_USAGE = YES_ERROR;
				CLANG_WARN_DOCUMENTATION_COMMENTS = YES;
				CLANG_WARN_EMPTY_BODY = YES;
				CLANG_WARN_ENUM_CONVERSION = YES;
				CLANG_WARN_INFINITE_RECURSION = YES;
				CLANG_WARN_INT_CONVERSION = YES;
				CLANG_WARN_NON_LITERAL_NULL_CONVERSION = YES;
				CLANG_WARN_OBJC_IMPLICIT_RETAIN_SELF = YES;
				CLANG_WARN_OBJC_LITERAL_CONVERSION = YES;
				CLANG_WARN_OBJC_ROOT_CLASS = YES_ERROR;
				CLANG_WARN_QUOTED_INCLUDE_IN_FRAMEWORK_HEADER = YES;
				CLANG_WARN_RANGE_LOOP_ANALYSIS = YES;
				CLANG_WARN_STRICT_PROTOTYPES = YES;
				CLANG_WARN_SUSPICIOUS_MOVE = YES;
				CLANG_WARN_UNGUARDED_AVAILABILITY = YES_AGGRESSIVE;
				CLANG_WARN_UNREACHABLE_CODE = YES;
				CLANG_WARN__DUPLICATE_METHOD_MATCH = YES;
				COPY_PHASE_STRIP = NO;
				DEBUG_INFORMATION_FORMAT = dwarf;
				ENABLE_STRICT_OBJC_MSGSEND = YES;
				ENABLE_TESTABILITY = YES;
				ENABLE_USER_SCRIPT_SANDBOXING = YES;
				GCC_C_LANGUAGE_STANDARD = gnu17;
				GCC_DYNAMIC_NO_PIC = NO;
				GCC_NO_COMMON_BLOCKS = YES;
				GCC_OPTIMIZATION_LEVEL = 0;
				GCC_PREPROCESSOR_DEFINITIONS = (
					"DEBUG=1",
					"$(inherited)",
				);
				GCC_WARN_64_TO_32_BIT_CONVERSION = YES;
				GCC_WARN_ABOUT_RETURN_TYPE = YES_ERROR;
				GCC_WARN_UNDECLARED_SELECTOR = YES;
				GCC_WARN_UNINITIALIZED_AUTOS = YES_AGGRESSIVE;
				GCC_WARN_UNUSED_FUNCTION = YES;
				GCC_WARN_UNUSED_VARIABLE = YES;
				IPHONEOS_DEPLOYMENT_TARGET = 17.2;
				LOCALIZATION_PREFERS_STRING_CATALOGS = YES;
				MTL_ENABLE_DEBUG_INFO = INCLUDE_SOURCE;
				MTL_FAST_MATH = YES;
				ONLY_ACTIVE_ARCH = YES;
				SDKROOT = iphoneos;
				SWIFT_ACTIVE_COMPILATION_CONDITIONS = "DEBUG $(inherited)";
				SWIFT_OPTIMIZATION_LEVEL = "-Onone";
			};
			name = Debug;
		};
		8BC0DEC72D061CA400CE56C1 /* Release */ = {
			isa = XCBuildConfiguration;
			buildSettings = {
				ALWAYS_SEARCH_USER_PATHS = NO;
				ASSETCATALOG_COMPILER_GENERATE_SWIFT_ASSET_SYMBOL_EXTENSIONS = YES;
				CLANG_ANALYZER_NONNULL = YES;
				CLANG_ANALYZER_NUMBER_OBJECT_CONVERSION = YES_AGGRESSIVE;
				CLANG_CXX_LANGUAGE_STANDARD = "gnu++20";
				CLANG_ENABLE_MODULES = YES;
				CLANG_ENABLE_OBJC_ARC = YES;
				CLANG_ENABLE_OBJC_WEAK = YES;
				CLANG_WARN_BLOCK_CAPTURE_AUTORELEASING = YES;
				CLANG_WARN_BOOL_CONVERSION = YES;
				CLANG_WARN_COMMA = YES;
				CLANG_WARN_CONSTANT_CONVERSION = YES;
				CLANG_WARN_DEPRECATED_OBJC_IMPLEMENTATIONS = YES;
				CLANG_WARN_DIRECT_OBJC_ISA_USAGE = YES_ERROR;
				CLANG_WARN_DOCUMENTATION_COMMENTS = YES;
				CLANG_WARN_EMPTY_BODY = YES;
				CLANG_WARN_ENUM_CONVERSION = YES;
				CLANG_WARN_INFINITE_RECURSION = YES;
				CLANG_WARN_INT_CONVERSION = YES;
				CLANG_WARN_NON_LITERAL_NULL_CONVERSION = YES;
				CLANG_WARN_OBJC_IMPLICIT_RETAIN_SELF = YES;
				CLANG_WARN_OBJC_LITERAL_CONVERSION = YES;
				CLANG_WARN_OBJC_ROOT_CLASS = YES_ERROR;
				CLANG_WARN_QUOTED_INCLUDE_IN_FRAMEWORK_HEADER = YES;
				CLANG_WARN_RANGE_LOOP_ANALYSIS = YES;
				CLANG_WARN_STRICT_PROTOTYPES = YES;
				CLANG_WARN_SUSPICIOUS_MOVE = YES;
				CLANG_WARN_UNGUARDED_AVAILABILITY = YES_AGGRESSIVE;
				CLANG_WARN_UNREACHABLE_CODE = YES;
				CLANG_WARN__DUPLICATE_METHOD_MATCH = YES;
				COPY_PHASE_STRIP = NO;
				DEBUG_INFORMATION_FORMAT = "dwarf-with-dsym";
				ENABLE_NS_ASSERTIONS = NO;
				ENABLE_STRICT_OBJC_MSGSEND = YES;
				ENABLE_USER_SCRIPT_SANDBOXING = YES;
				GCC_C_LANGUAGE_STANDARD = gnu17;
				GCC_NO_COMMON_BLOCKS = YES;
				GCC_WARN_64_TO_32_BIT_CONVERSION = YES;
				GCC_WARN_ABOUT_RETURN_TYPE = YES_ERROR;
				GCC_WARN_UNDECLARED_SELECTOR = YES;
				GCC_WARN_UNINITIALIZED_AUTOS = YES_AGGRESSIVE;
				GCC_WARN_UNUSED_FUNCTION = YES;
				GCC_WARN_UNUSED_VARIABLE = YES;
				IPHONEOS_DEPLOYMENT_TARGET = 17.2;
				LOCALIZATION_PREFERS_STRING_CATALOGS = YES;
				MTL_ENABLE_DEBUG_INFO = NO;
				MTL_FAST_MATH = YES;
				SDKROOT = iphoneos;
				SWIFT_COMPILATION_MODE = wholemodule;
				VALIDATE_PRODUCT = YES;
			};
			name = Release;
		};
		8BC0DEC92D061CA400CE56C1 /* Debug */ = {
			isa = XCBuildConfiguration;
			buildSettings = {
				ASSETCATALOG_COMPILER_APPICON_NAME = AppIcon;
				ASSETCATALOG_COMPILER_GLOBAL_ACCENT_COLOR_NAME = AccentColor;
				CODE_SIGN_STYLE = Automatic;
				CURRENT_PROJECT_VERSION = 1;
				DEVELOPMENT_ASSET_PATHS = "\"PodcastApp_Combine_SwiftUI/Preview Content\"";
				DEVELOPMENT_TEAM = 4843ZXVW46;
				ENABLE_PREVIEWS = YES;
				GENERATE_INFOPLIST_FILE = YES;
				INFOPLIST_KEY_UIApplicationSceneManifest_Generation = YES;
				INFOPLIST_KEY_UIApplicationSupportsIndirectInputEvents = YES;
				INFOPLIST_KEY_UILaunchScreen_Generation = YES;
				INFOPLIST_KEY_UISupportedInterfaceOrientations_iPad = "UIInterfaceOrientationPortrait UIInterfaceOrientationPortraitUpsideDown UIInterfaceOrientationLandscapeLeft UIInterfaceOrientationLandscapeRight";
				INFOPLIST_KEY_UISupportedInterfaceOrientations_iPhone = "UIInterfaceOrientationPortrait UIInterfaceOrientationLandscapeLeft UIInterfaceOrientationLandscapeRight";
				LD_RUNPATH_SEARCH_PATHS = (
					"$(inherited)",
					"@executable_path/Frameworks",
				);
				MARKETING_VERSION = 1.0;
				PRODUCT_BUNDLE_IDENTIFIER = "com.uaialternativa.PodcastApp-Combine-SwiftUI";
				PRODUCT_NAME = "$(TARGET_NAME)";
				SWIFT_EMIT_LOC_STRINGS = YES;
				SWIFT_VERSION = 5.0;
				TARGETED_DEVICE_FAMILY = "1,2";
			};
			name = Debug;
		};
		8BC0DECA2D061CA400CE56C1 /* Release */ = {
			isa = XCBuildConfiguration;
			buildSettings = {
				ASSETCATALOG_COMPILER_APPICON_NAME = AppIcon;
				ASSETCATALOG_COMPILER_GLOBAL_ACCENT_COLOR_NAME = AccentColor;
				CODE_SIGN_STYLE = Automatic;
				CURRENT_PROJECT_VERSION = 1;
				DEVELOPMENT_ASSET_PATHS = "\"PodcastApp_Combine_SwiftUI/Preview Content\"";
				DEVELOPMENT_TEAM = 4843ZXVW46;
				ENABLE_PREVIEWS = YES;
				GENERATE_INFOPLIST_FILE = YES;
				INFOPLIST_KEY_UIApplicationSceneManifest_Generation = YES;
				INFOPLIST_KEY_UIApplicationSupportsIndirectInputEvents = YES;
				INFOPLIST_KEY_UILaunchScreen_Generation = YES;
				INFOPLIST_KEY_UISupportedInterfaceOrientations_iPad = "UIInterfaceOrientationPortrait UIInterfaceOrientationPortraitUpsideDown UIInterfaceOrientationLandscapeLeft UIInterfaceOrientationLandscapeRight";
				INFOPLIST_KEY_UISupportedInterfaceOrientations_iPhone = "UIInterfaceOrientationPortrait UIInterfaceOrientationLandscapeLeft UIInterfaceOrientationLandscapeRight";
				LD_RUNPATH_SEARCH_PATHS = (
					"$(inherited)",
					"@executable_path/Frameworks",
				);
				MARKETING_VERSION = 1.0;
				PRODUCT_BUNDLE_IDENTIFIER = "com.uaialternativa.PodcastApp-Combine-SwiftUI";
				PRODUCT_NAME = "$(TARGET_NAME)";
				SWIFT_EMIT_LOC_STRINGS = YES;
				SWIFT_VERSION = 5.0;
				TARGETED_DEVICE_FAMILY = "1,2";
			};
			name = Release;
		};
/* End XCBuildConfiguration section */

/* Begin XCConfigurationList section */
		8BC0DEB52D061CA200CE56C1 /* Build configuration list for PBXProject "PodcastApp_Combine_SwiftUI" */ = {
			isa = XCConfigurationList;
			buildConfigurations = (
				8BC0DEC62D061CA400CE56C1 /* Debug */,
				8BC0DEC72D061CA400CE56C1 /* Release */,
			);
			defaultConfigurationIsVisible = 0;
			defaultConfigurationName = Release;
		};
		8BC0DEC82D061CA400CE56C1 /* Build configuration list for PBXNativeTarget "PodcastApp_Combine_SwiftUI" */ = {
			isa = XCConfigurationList;
			buildConfigurations = (
				8BC0DEC92D061CA400CE56C1 /* Debug */,
				8BC0DECA2D061CA400CE56C1 /* Release */,
			);
			defaultConfigurationIsVisible = 0;
			defaultConfigurationName = Release;
		};
/* End XCConfigurationList section */
	};
	rootObject = 8BC0DEB22D061CA200CE56C1 /* Project object */;
}
